
Microsoft Visual Studio Solution File, Format Version 12.00
# Visual Studio Version 16
VisualStudioVersion = 16.0.30503.244
MinimumVisualStudioVersion = 10.0.40219.1
Project("{FAE04EC0-301F-11D3-BF4B-00C04F79EFBC}") = "TriviaWebForms", "TriviaWebForms\TriviaWebForms.csproj", "{3963B07B-C53A-4CA8-A77B-1F90BA5627FF}"
EndProject
Project("{FAE04EC0-301F-11D3-BF4B-00C04F79EFBC}") = "DAL", "DAL\DAL.csproj", "{9D23A8EF-29A5-4F0A-BE2B-97F8E52A7D45}"
EndProject
Global
	GlobalSection(SolutionConfigurationPlatforms) = preSolution
		Debug|Any CPU = Debug|Any CPU
		Release|Any CPU = Release|Any CPU
	EndGlobalSection
	GlobalSection(ProjectConfigurationPlatforms) = postSolution
		{3963B07B-C53A-4CA8-A77B-1F90BA5627FF}.Debug|Any CPU.ActiveCfg = Debug|Any CPU
		{3963B07B-C53A-4CA8-A77B-1F90BA5627FF}.Debug|Any CPU.Build.0 = Debug|Any CPU
		{3963B07B-C53A-4CA8-A77B-1F90BA5627FF}.Release|Any CPU.ActiveCfg = Release|Any CPU
		{3963B07B-C53A-4CA8-A77B-1F90BA5627FF}.Release|Any CPU.Build.0 = Release|Any CPU
		{9D23A8EF-29A5-4F0A-BE2B-97F8E52A7D45}.Debug|Any CPU.ActiveCfg = Debug|Any CPU
		{9D23A8EF-29A5-4F0A-BE2B-97F8E52A7D45}.Debug|Any CPU.Build.0 = Debug|Any CPU
		{9D23A8EF-29A5-4F0A-BE2B-97F8E52A7D45}.Release|Any CPU.ActiveCfg = Release|Any CPU
		{9D23A8EF-29A5-4F0A-BE2B-97F8E52A7D45}.Release|Any CPU.Build.0 = Release|Any CPU
	EndGlobalSection
	GlobalSection(SolutionProperties) = preSolution
		HideSolutionNode = FALSE
	EndGlobalSection
	GlobalSection(ExtensibilityGlobals) = postSolution
		SolutionGuid = {FC417A4C-8A80-4C5C-8380-61283C681423}
	EndGlobalSection
EndGlobal
